
Microsoft Visual Studio Solution File, Format Version 12.00
# Visual Studio Version 17
VisualStudioVersion = 17.0.31903.59
MinimumVisualStudioVersion = 10.0.40219.1
Project("{2150E333-8FDC-42A3-9474-1A3956D46DE8}") = "src", "src", "{33F4DFED-D354-4297-BDC0-CF9694290FF8}"
EndProject
Project("{F2A71F9B-5D33-465A-A702-920D77279786}") = "Flog.Core", "src\Flog.Core\Flog.Core.fsproj", "{113F871C-15AF-48C1-81FE-DCF098FA697D}"
EndProject
Global
	GlobalSection(SolutionConfigurationPlatforms) = preSolution
		Debug|Any CPU = Debug|Any CPU
		Release|Any CPU = Release|Any CPU
	EndGlobalSection
	GlobalSection(SolutionProperties) = preSolution
		HideSolutionNode = FALSE
	EndGlobalSection
	GlobalSection(ProjectConfigurationPlatforms) = postSolution
		{113F871C-15AF-48C1-81FE-DCF098FA697D}.Debug|Any CPU.ActiveCfg = Debug|Any CPU
		{113F871C-15AF-48C1-81FE-DCF098FA697D}.Debug|Any CPU.Build.0 = Debug|Any CPU
		{113F871C-15AF-48C1-81FE-DCF098FA697D}.Release|Any CPU.ActiveCfg = Release|Any CPU
		{113F871C-15AF-48C1-81FE-DCF098FA697D}.Release|Any CPU.Build.0 = Release|Any CPU
	EndGlobalSection
	GlobalSection(NestedProjects) = preSolution
		{113F871C-15AF-48C1-81FE-DCF098FA697D} = {33F4DFED-D354-4297-BDC0-CF9694290FF8}
	EndGlobalSection
EndGlobal
